<?xml version="1.0" encoding="utf-8"?>
<Project ToolsVersion="4.0" xmlns="http://schemas.microsoft.com/developer/msbuild/2003">
  <ItemGroup>
    <Filter Include="Source Files">
      <UniqueIdentifier>{4FC737F1-C7A5-4376-A066-2A32D752A2FF}</UniqueIdentifier>
      <Extensions>cpp;c;cc;cxx;c++;cppm;ixx;def;odl;idl;hpj;bat;asm;asmx</Extensions>
    </Filter>
    <Filter Include="Header Files">
      <UniqueIdentifier>{93995380-89BD-4b04-88EB-625FBE52EBFB}</UniqueIdentifier>
      <Extensions>h;hh;hpp;hxx;h++;hm;inl;inc;ipp;xsd</Extensions>
    </Filter>
    <Filter Include="Resource Files">
      <UniqueIdentifier>{67DA6AB6-F800-4c08-8B7A-83BB121AAD01}</UniqueIdentifier>
      <Extensions>rc;ico;cur;bmp;dlg;rc2;rct;bin;rgs;gif;jpg;jpeg;jpe;resx;tiff;tif;png;wav;mfcribbon-ms</Extensions>
    </Filter>
    <Filter Include="Shaders">
      <UniqueIdentifier>{593298e1-2659-4c62-99e1-4d1288b4499c}</UniqueIdentifier>
    </Filter>
    <Filter Include="Config">
      <UniqueIdentifier>{2f524aee-7629-4034-b79b-cd968246f4e9}</UniqueIdentifier>
    </Filter>
  </ItemGroup>
  <ItemGroup>
    <ClCompile Include="dllmain.cpp">
      <Filter>Source Files</Filter>
    </ClCompile>
    <ClCompile Include="state_tracking.cpp">
      <Filter>Source Files</Filter>
    </ClCompile>
    <ClCompile Include="raytracing.cpp">
      <Filter>Source Files</Filter>
    </ClCompile>
    <ClCompile Include="bvh_manager.cpp">
      <Filter>Source Files</Filter>
    </ClCompile>
    <ClCompile Include="hash.cpp">
      <Filter>Source Files</Filter>
    </ClCompile>
    <ClCompile Include="camera.cpp">
      <Filter>Source Files</Filter>
    </ClCompile>
    <ClCompile Include="timing.cpp">
      <Filter>Source Files</Filter>
    </ClCompile>
  </ItemGroup>
  <ItemGroup>
    <ClInclude Include="state_tracking.hpp">
      <Filter>Source Files</Filter>
    </ClInclude>
    <ClInclude Include="Shaders\RayTracingHlslCompat.h">
      <Filter>Shaders</Filter>
    </ClInclude>
    <ClInclude Include="Shaders\HlslCompat.h">
      <Filter>Shaders</Filter>
    </ClInclude>
    <ClInclude Include="d3dx12.h">
      <Filter>Header Files</Filter>
    </ClInclude>
    <ClInclude Include="dxhelpers.h">
      <Filter>Header Files</Filter>
    </ClInclude>
    <ClInclude Include="raytracing.h">
      <Filter>Header Files</Filter>
    </ClInclude>
    <ClInclude Include="bvh_manager.h">
      <Filter>Header Files</Filter>
    </ClInclude>
    <ClInclude Include="hash.h">
      <Filter>Header Files</Filter>
    </ClInclude>
    <ClInclude Include="Shaders\RtShared.h">
      <Filter>Shaders</Filter>
    </ClInclude>
    <ClInclude Include="camera.h">
      <Filter>Header Files</Filter>
    </ClInclude>
    <ClInclude Include="Shaders\Raytracing.h">
      <Filter>Shaders</Filter>
    </ClInclude>
    <ClInclude Include="Shaders\Color.h">
      <Filter>Shaders</Filter>
    </ClInclude>
    <ClInclude Include="Shaders\Material.h">
      <Filter>Shaders</Filter>
    </ClInclude>
    <ClInclude Include="Shaders\Sampling.h">
      <Filter>Shaders</Filter>
    </ClInclude>
    <ClInclude Include="Shaders\Math.h">
      <Filter>Shaders</Filter>
    </ClInclude>
    <ClInclude Include="timing.h">
      <Filter>Header Files</Filter>
    </ClInclude>
  </ItemGroup>
  <ItemGroup>
    <FxCompile Include="Shaders\Raytracing_blit_vs.hlsl">
      <Filter>Shaders</Filter>
    </FxCompile>
    <FxCompile Include="Shaders\Raytracing_blit_ps.hlsl">
      <Filter>Shaders</Filter>
    </FxCompile>
  </ItemGroup>
  <ItemGroup>
    <CopyFileToFolders Include="Shaders\Simple.fx">
      <Filter>Shaders</Filter>
    </CopyFileToFolders>
    <CopyFileToFolders Include="Config\Reshade.ini">
      <Filter>Config</Filter>
    </CopyFileToFolders>
  </ItemGroup>
  <ItemGroup>
    <None Include="packages.config" />
  </ItemGroup>
  <ItemGroup>
    <CustomBuild Include="Shaders\Raytracing_inline.hlsl">
      <Filter>Shaders</Filter>
    </CustomBuild>
  </ItemGroup>
</Project>